// !$*UTF8*$!
{
	archiveVersion = 1;
	classes = {
	};
	objectVersion = 50;
	objects = {

/* Begin PBXBuildFile section */
		CB39E3B32294498400377865 /* AppDelegate.swift in Sources */ = {isa = PBXBuildFile; fileRef = CB39E3B22294498400377865 /* AppDelegate.swift */; };
		CB39E3B52294498400377865 /* ViewController.swift in Sources */ = {isa = PBXBuildFile; fileRef = CB39E3B42294498400377865 /* ViewController.swift */; };
		CB39E3B82294498400377865 /* Main.storyboard in Resources */ = {isa = PBXBuildFile; fileRef = CB39E3B62294498400377865 /* Main.storyboard */; };
		CB39E3BA2294498500377865 /* Assets.xcassets in Resources */ = {isa = PBXBuildFile; fileRef = CB39E3B92294498500377865 /* Assets.xcassets */; };
		CB39E3BD2294498500377865 /* LaunchScreen.storyboard in Resources */ = {isa = PBXBuildFile; fileRef = CB39E3BB2294498500377865 /* LaunchScreen.storyboard */; };
		CB39E3C522944AC400377865 /* StrechyHeaderViewController.swift in Sources */ = {isa = PBXBuildFile; fileRef = CB39E3C422944AC400377865 /* StrechyHeaderViewController.swift */; };
		CB39E3C72294501900377865 /* HeaderView.swift in Sources */ = {isa = PBXBuildFile; fileRef = CB39E3C62294501900377865 /* HeaderView.swift */; };
/* End PBXBuildFile section */

/* Begin PBXFileReference section */
		CB39E3AF2294498400377865 /* StretchyHeaderLBA.app */ = {isa = PBXFileReference; explicitFileType = wrapper.application; includeInIndex = 0; path = StretchyHeaderLBA.app; sourceTree = BUILT_PRODUCTS_DIR; };
		CB39E3B22294498400377865 /* AppDelegate.swift */ = {isa = PBXFileReference; lastKnownFileType = sourcecode.swift; path = AppDelegate.swift; sourceTree = "<group>"; };
		CB39E3B42294498400377865 /* ViewController.swift */ = {isa = PBXFileReference; lastKnownFileType = sourcecode.swift; path = ViewController.swift; sourceTree = "<group>"; };
		CB39E3B72294498400377865 /* Base */ = {isa = PBXFileReference; lastKnownFileType = file.storyboard; name = Base; path = Base.lproj/Main.storyboard; sourceTree = "<group>"; };
		CB39E3B92294498500377865 /* Assets.xcassets */ = {isa = PBXFileReference; lastKnownFileType = folder.assetcatalog; path = Assets.xcassets; sourceTree = "<group>"; };
		CB39E3BC2294498500377865 /* Base */ = {isa = PBXFileReference; lastKnownFileType = file.storyboard; name = Base; path = Base.lproj/LaunchScreen.storyboard; sourceTree = "<group>"; };
		CB39E3BE2294498500377865 /* Info.plist */ = {isa = PBXFileReference; lastKnownFileType = text.plist.xml; path = Info.plist; sourceTree = "<group>"; };
		CB39E3C422944AC400377865 /* StrechyHeaderViewController.swift */ = {isa = PBXFileReference; lastKnownFileType = sourcecode.swift; path = StrechyHeaderViewController.swift; sourceTree = "<group>"; };
		CB39E3C62294501900377865 /* HeaderView.swift */ = {isa = PBXFileReference; lastKnownFileType = sourcecode.swift; path = HeaderView.swift; sourceTree = "<group>"; };
/* End PBXFileReference section */

/* Begin PBXFrameworksBuildPhase section */
		CB39E3AC2294498400377865 /* Frameworks */ = {
			isa = PBXFrameworksBuildPhase;
			buildActionMask = 2147483647;
			files = (
			);
			runOnlyForDeploymentPostprocessing = 0;
		};
/* End PBXFrameworksBuildPhase section */

/* Begin PBXGroup section */
		CB39E3A62294498400377865 = {
			isa = PBXGroup;
			children = (
				CB39E3B12294498400377865 /* StretchyHeaderLBA */,
				CB39E3B02294498400377865 /* Products */,
			);
			sourceTree = "<group>";
		};
		CB39E3B02294498400377865 /* Products */ = {
			isa = PBXGroup;
			children = (
				CB39E3AF2294498400377865 /* StretchyHeaderLBA.app */,
			);
			name = Products;
			sourceTree = "<group>";
		};
		CB39E3B12294498400377865 /* StretchyHeaderLBA */ = {
			isa = PBXGroup;
			children = (
				CB39E3B22294498400377865 /* AppDelegate.swift */,
				CB39E3B42294498400377865 /* ViewController.swift */,
				CB39E3B62294498400377865 /* Main.storyboard */,
				CB39E3B92294498500377865 /* Assets.xcassets */,
				CB39E3BB2294498500377865 /* LaunchScreen.storyboard */,
				CB39E3BE2294498500377865 /* Info.plist */,
				CB39E3C422944AC400377865 /* StrechyHeaderViewController.swift */,
				CB39E3C62294501900377865 /* HeaderView.swift */,
			);
			path = StretchyHeaderLBA;
			sourceTree = "<group>";
		};
/* End PBXGroup section */

/* Begin PBXNativeTarget section */
		CB39E3AE2294498400377865 /* StretchyHeaderLBA */ = {
			isa = PBXNativeTarget;
			buildConfigurationList = CB39E3C12294498500377865 /* Build configuration list for PBXNativeTarget "StretchyHeaderLBA" */;
			buildPhases = (
				CB39E3AB2294498400377865 /* Sources */,
				CB39E3AC2294498400377865 /* Frameworks */,
				CB39E3AD2294498400377865 /* Resources */,
			);
			buildRules = (
			);
			dependencies = (
			);
			name = StretchyHeaderLBA;
			productName = StretchyHeaderLBA;
			productReference = CB39E3AF2294498400377865 /* StretchyHeaderLBA.app */;
			productType = "com.apple.product-type.application";
		};
/* End PBXNativeTarget section */

/* Begin PBXProject section */
		CB39E3A72294498400377865 /* Project object */ = {
			isa = PBXProject;
			attributes = {
				LastSwiftUpdateCheck = 1020;
				LastUpgradeCheck = 1020;
				ORGANIZATIONNAME = vattanac;
				TargetAttributes = {
					CB39E3AE2294498400377865 = {
						CreatedOnToolsVersion = 10.2.1;
					};
				};
			};
			buildConfigurationList = CB39E3AA2294498400377865 /* Build configuration list for PBXProject "StretchyHeaderLBA" */;
			compatibilityVersion = "Xcode 9.3";
			developmentRegion = en;
			hasScannedForEncodings = 0;
			knownRegions = (
				en,
				Base,
			);
			mainGroup = CB39E3A62294498400377865;
			productRefGroup = CB39E3B02294498400377865 /* Products */;
			projectDirPath = "";
			projectRoot = "";
			targets = (
				CB39E3AE2294498400377865 /* StretchyHeaderLBA */,
			);
		};
/* End PBXProject section */

/* Begin PBXResourcesBuildPhase section */
		CB39E3AD2294498400377865 /* Resources */ = {
			isa = PBXResourcesBuildPhase;
			buildActionMask = 2147483647;
			files = (
				CB39E3BD2294498500377865 /* LaunchScreen.storyboard in Resources */,
				CB39E3BA2294498500377865 /* Assets.xcassets in Resources */,
				CB39E3B82294498400377865 /* Main.storyboard in Resources */,
			);
			runOnlyForDeploymentPostprocessing = 0;
		};
/* End PBXResourcesBuildPhase section */

/* Begin PBXSourcesBuildPhase section */
		CB39E3AB2294498400377865 /* Sources */ = {
			isa = PBXSourcesBuildPhase;
			buildActionMask = 2147483647;
			files = (
				CB39E3B52294498400377865 /* ViewController.swift in Sources */,
				CB39E3C522944AC400377865 /* StrechyHeaderViewController.swift in Sources */,
				CB39E3B32294498400377865 /* AppDelegate.swift in Sources */,
				CB39E3C72294501900377865 /* HeaderView.swift in Sources */,
			);
			runOnlyForDeploymentPostprocessing = 0;
		};
/* End PBXSourcesBuildPhase section */

/* Begin PBXVariantGroup section */
		CB39E3B62294498400377865 /* Main.storyboard */ = {
			isa = PBXVariantGroup;
			children = (
				CB39E3B72294498400377865 /* Base */,
			);
			name = Main.storyboard;
			sourceTree = "<group>";
		};
		CB39E3BB2294498500377865 /* LaunchScreen.storyboard */ = {
			isa = PBXVariantGroup;
			children = (
				CB39E3BC2294498500377865 /* Base */,
			);
			name = LaunchScreen.storyboard;
			sourceTree = "<group>";
		};
/* End PBXVariantGroup section */

/* Begin XCBuildConfiguration section */
		CB39E3BF2294498500377865 /* Debug */ = {
			isa = XCBuildConfiguration;
			buildSettings = {
				ALWAYS_SEARCH_USER_PATHS = NO;
				CLANG_ANALYZER_NONNULL = YES;
				CLANG_ANALYZER_NUMBER_OBJECT_CONVERSION = YES_AGGRESSIVE;
				CLANG_CXX_LANGUAGE_STANDARD = "gnu++14";
				CLANG_CXX_LIBRARY = "libc++";
				CLANG_ENABLE_MODULES = YES;
				CLANG_ENABLE_OBJC_ARC = YES;
				CLANG_ENABLE_OBJC_WEAK = YES;
				CLANG_WARN_BLOCK_CAPTURE_AUTORELEASING = YES;
				CLANG_WARN_BOOL_CONVERSION = YES;
				CLANG_WARN_COMMA = YES;
				CLANG_WARN_CONSTANT_CONVERSION = YES;
				CLANG_WARN_DEPRECATED_OBJC_IMPLEMENTATIONS = YES;
				CLANG_WARN_DIRECT_OBJC_ISA_USAGE = YES_ERROR;
				CLANG_WARN_DOCUMENTATION_COMMENTS = YES;
				CLANG_WARN_EMPTY_BODY = YES;
				CLANG_WARN_ENUM_CONVERSION = YES;
				CLANG_WARN_INFINITE_RECURSION = YES;
				CLANG_WARN_INT_CONVERSION = YES;
				CLANG_WARN_NON_LITERAL_NULL_CONVERSION = YES;
				CLANG_WARN_OBJC_IMPLICIT_RETAIN_SELF = YES;
				CLANG_WARN_OBJC_LITERAL_CONVERSION = YES;
				CLANG_WARN_OBJC_ROOT_CLASS = YES_ERROR;
				CLANG_WARN_RANGE_LOOP_ANALYSIS = YES;
				CLANG_WARN_STRICT_PROTOTYPES = YES;
				CLANG_WARN_SUSPICIOUS_MOVE = YES;
				CLANG_WARN_UNGUARDED_AVAILABILITY = YES_AGGRESSIVE;
				CLANG_WARN_UNREACHABLE_CODE = YES;
				CLANG_WARN__DUPLICATE_METHOD_MATCH = YES;
				CODE_SIGN_IDENTITY = "iPhone Developer";
				COPY_PHASE_STRIP = NO;
				DEBUG_INFORMATION_FORMAT = dwarf;
				ENABLE_STRICT_OBJC_MSGSEND = YES;
				ENABLE_TESTABILITY = YES;
				GCC_C_LANGUAGE_STANDARD = gnu11;
				GCC_DYNAMIC_NO_PIC = NO;
				GCC_NO_COMMON_BLOCKS = YES;
				GCC_OPTIMIZATION_LEVEL = 0;
				GCC_PREPROCESSOR_DEFINITIONS = (
					"DEBUG=1",
					"$(inherited)",
				);
				GCC_WARN_64_TO_32_BIT_CONVERSION = YES;
				GCC_WARN_ABOUT_RETURN_TYPE = YES_ERROR;
				GCC_WARN_UNDECLARED_SELECTOR = YES;
				GCC_WARN_UNINITIALIZED_AUTOS = YES_AGGRESSIVE;
				GCC_WARN_UNUSED_FUNCTION = YES;
				GCC_WARN_UNUSED_VARIABLE = YES;
				IPHONEOS_DEPLOYMENT_TARGET = 12.2;
				MTL_ENABLE_DEBUG_INFO = INCLUDE_SOURCE;
				MTL_FAST_MATH = YES;
				ONLY_ACTIVE_ARCH = YES;
				SDKROOT = iphoneos;
				SWIFT_ACTIVE_COMPILATION_CONDITIONS = DEBUG;
				SWIFT_OPTIMIZATION_LEVEL = "-Onone";
			};
			name = Debug;
		};
		CB39E3C02294498500377865 /* Release */ = {
			isa = XCBuildConfiguration;
			buildSettings = {
				ALWAYS_SEARCH_USER_PATHS = NO;
				CLANG_ANALYZER_NONNULL = YES;
				CLANG_ANALYZER_NUMBER_OBJECT_CONVERSION = YES_AGGRESSIVE;
				CLANG_CXX_LANGUAGE_STANDARD = "gnu++14";
				CLANG_CXX_LIBRARY = "libc++";
				CLANG_ENABLE_MODULES = YES;
				CLANG_ENABLE_OBJC_ARC = YES;
				CLANG_ENABLE_OBJC_WEAK = YES;
				CLANG_WARN_BLOCK_CAPTURE_AUTORELEASING = YES;
				CLANG_WARN_BOOL_CONVERSION = YES;
				CLANG_WARN_COMMA = YES;
				CLANG_WARN_CONSTANT_CONVERSION = YES;
				CLANG_WARN_DEPRECATED_OBJC_IMPLEMENTATIONS = YES;
				CLANG_WARN_DIRECT_OBJC_ISA_USAGE = YES_ERROR;
				CLANG_WARN_DOCUMENTATION_COMMENTS = YES;
				CLANG_WARN_EMPTY_BODY = YES;
				CLANG_WARN_ENUM_CONVERSION = YES;
				CLANG_WARN_INFINITE_RECURSION = YES;
				CLANG_WARN_INT_CONVERSION = YES;
				CLANG_WARN_NON_LITERAL_NULL_CONVERSION = YES;
				CLANG_WARN_OBJC_IMPLICIT_RETAIN_SELF = YES;
				CLANG_WARN_OBJC_LITERAL_CONVERSION = YES;
				CLANG_WARN_OBJC_ROOT_CLASS = YES_ERROR;
				CLANG_WARN_RANGE_LOOP_ANALYSIS = YES;
				CLANG_WARN_STRICT_PROTOTYPES = YES;
				CLANG_WARN_SUSPICIOUS_MOVE = YES;
				CLANG_WARN_UNGUARDED_AVAILABILITY = YES_AGGRESSIVE;
				CLANG_WARN_UNREACHABLE_CODE = YES;
				CLANG_WARN__DUPLICATE_METHOD_MATCH = YES;
				CODE_SIGN_IDENTITY = "iPhone Developer";
				COPY_PHASE_STRIP = NO;
				DEBUG_INFORMATION_FORMAT = "dwarf-with-dsym";
				ENABLE_NS_ASSERTIONS = NO;
				ENABLE_STRICT_OBJC_MSGSEND = YES;
				GCC_C_LANGUAGE_STANDARD = gnu11;
				GCC_NO_COMMON_BLOCKS = YES;
				GCC_WARN_64_TO_32_BIT_CONVERSION = YES;
				GCC_WARN_ABOUT_RETURN_TYPE = YES_ERROR;
				GCC_WARN_UNDECLARED_SELECTOR = YES;
				GCC_WARN_UNINITIALIZED_AUTOS = YES_AGGRESSIVE;
				GCC_WARN_UNUSED_FUNCTION = YES;
				GCC_WARN_UNUSED_VARIABLE = YES;
				IPHONEOS_DEPLOYMENT_TARGET = 12.2;
				MTL_ENABLE_DEBUG_INFO = NO;
				MTL_FAST_MATH = YES;
				SDKROOT = iphoneos;
				SWIFT_COMPILATION_MODE = wholemodule;
				SWIFT_OPTIMIZATION_LEVEL = "-O";
				VALIDATE_PRODUCT = YES;
			};
			name = Release;
		};
		CB39E3C22294498500377865 /* Debug */ = {
			isa = XCBuildConfiguration;
			buildSettings = {
				ASSETCATALOG_COMPILER_APPICON_NAME = AppIcon;
				CODE_SIGN_STYLE = Automatic;
				DEVELOPMENT_TEAM = SLX43TCA7R;
				INFOPLIST_FILE = StretchyHeaderLBA/Info.plist;
				LD_RUNPATH_SEARCH_PATHS = (
					"$(inherited)",
					"@executable_path/Frameworks",
				);
				PRODUCT_BUNDLE_IDENTIFIER = com.vatttanac.StretchyHeaderLBA;
				PRODUCT_NAME = "$(TARGET_NAME)";
				SWIFT_VERSION = 5.0;
				TARGETED_DEVICE_FAMILY = "1,2";
			};
			name = Debug;
		};
		CB39E3C32294498500377865 /* Release */ = {
			isa = XCBuildConfiguration;
			buildSettings = {
				ASSETCATALOG_COMPILER_APPICON_NAME = AppIcon;
				CODE_SIGN_STYLE = Automatic;
				DEVELOPMENT_TEAM = SLX43TCA7R;
				INFOPLIST_FILE = StretchyHeaderLBA/Info.plist;
				LD_RUNPATH_SEARCH_PATHS = (
					"$(inherited)",
					"@executable_path/Frameworks",
				);
				PRODUCT_BUNDLE_IDENTIFIER = com.vatttanac.StretchyHeaderLBA;
				PRODUCT_NAME = "$(TARGET_NAME)";
				SWIFT_VERSION = 5.0;
				TARGETED_DEVICE_FAMILY = "1,2";
			};
			name = Release;
		};
/* End XCBuildConfiguration section */

/* Begin XCConfigurationList section */
		CB39E3AA2294498400377865 /* Build configuration list for PBXProject "StretchyHeaderLBA" */ = {
			isa = XCConfigurationList;
			buildConfigurations = (
				CB39E3BF2294498500377865 /* Debug */,
				CB39E3C02294498500377865 /* Release */,
			);
			defaultConfigurationIsVisible = 0;
			defaultConfigurationName = Release;
		};
		CB39E3C12294498500377865 /* Build configuration list for PBXNativeTarget "StretchyHeaderLBA" */ = {
			isa = XCConfigurationList;
			buildConfigurations = (
				CB39E3C22294498500377865 /* Debug */,
				CB39E3C32294498500377865 /* Release */,
			);
			defaultConfigurationIsVisible = 0;
			defaultConfigurationName = Release;
		};
/* End XCConfigurationList section */
	};
	rootObject = CB39E3A72294498400377865 /* Project object */;
}
